{
  "name": "hrms-dataloader",
  "version": "1.0.0",
  "lockfileVersion": 2,
  "requires": true,
  "packages": {
    "": {
      "name": "hrms-dataloader",
      "version": "1.0.0",
      "license": "ISC",
      "dependencies": {
        "dotenv": "^16.3.1",
        "dotenv-expand": "^10.0.0",
        "lodash.assign": "^4.2.0",
        "lodash.clone": "^4.5.0",
        "moment": "^2.29.4",
        "mongodb": "^5.7.0",
        "mongoose": "^7.5.2",
        "mongoose-connect-db": "^1.4.4",
        "xlsx": "^0.18.5"
      }
    },
    "node_modules/@mongodb-js/saslprep": {
      "version": "1.1.1",
      "resolved": "http://repo.ibsplc.com:8182/@mongodb-js%2fsaslprep/-/saslprep-1.1.1.tgz",
      "integrity": "sha512-t7c5K033joZZMspnHg/gWPE4kandgc2OxE74aYOtGKfgB9VPuVJPix0H6fhmm2erj5PBJ21mqcx34lpIGtUCsQ==",
      "license": "MIT",
      "optional": true,
      "dependencies": {
        "sparse-bitfield": "^3.0.3"
      }
    },
    "node_modules/@types/node": {
      "version": "20.10.5",
      "resolved": "http://repo.ibsplc.com:8182/@types%2fnode/-/node-20.10.5.tgz",
      "integrity": "sha512-nNPsNE65wjMxEKI93yOP+NPGGBJz/PoN3kZsVLee0XMiJolxSekEVD8wRwBUBqkwc7UWop0edW50yrCQW4CyRw==",
      "license": "MIT",
      "dependencies": {
        "undici-types": "~5.26.4"
      }
    },
    "node_modules/@types/webidl-conversions": {
      "version": "7.0.3",
      "resolved": "http://repo.ibsplc.com:8182/@types%2fwebidl-conversions/-/webidl-conversions-7.0.3.tgz",
      "integrity": "sha512-CiJJvcRtIgzadHCYXw7dqEnMNRjhGZlYK05Mj9OyktqV8uVT8fD2BFOB7S1uwBE3Kj2Z+4UyPmFw/Ixgw/LAlA==",
      "license": "MIT"
    },
    "node_modules/@types/whatwg-url": {
      "version": "8.2.2",
      "resolved": "http://repo.ibsplc.com:8182/@types%2fwhatwg-url/-/whatwg-url-8.2.2.tgz",
      "integrity": "sha512-FtQu10RWgn3D9U4aazdwIE2yzphmTJREDqNdODHrbrZmmMqI0vMheC/6NE/J1Yveaj8H+ela+YwWTjq5PGmuhA==",
      "license": "MIT",
      "dependencies": {
        "@types/node": "*",
        "@types/webidl-conversions": "*"
      }
    },
    "node_modules/adler-32": {
      "version": "1.3.1",
      "resolved": "http://repo.ibsplc.com:8182/adler-32/-/adler-32-1.3.1.tgz",
      "integrity": "sha512-ynZ4w/nUUv5rrsR8UUGoe1VC9hZj6V5hU9Qw1HlMDJGEJw5S7TfTErWTjMys6M7vr0YWcPqs3qAr4ss0nDfP+A==",
      "license": "Apache-2.0",
      "engines": {
        "node": ">=0.8"
      }
    },
    "node_modules/bson": {
      "version": "5.5.1",
      "resolved": "http://repo.ibsplc.com:8182/bson/-/bson-5.5.1.tgz",
      "integrity": "sha512-ix0EwukN2EpC0SRWIj/7B5+A6uQMQy6KMREI9qQqvgpkV2frH63T0UDVd1SYedL6dNCmDBYB3QtXi4ISk9YT+g==",
      "license": "Apache-2.0",
      "engines": {
        "node": ">=14.20.1"
      }
    },
    "node_modules/cfb": {
      "version": "1.2.2",
      "resolved": "http://repo.ibsplc.com:8182/cfb/-/cfb-1.2.2.tgz",
      "integrity": "sha512-KfdUZsSOw19/ObEWasvBP/Ac4reZvAGauZhs6S/gqNhXhI7cKwvlH7ulj+dOEYnca4bm4SGo8C1bTAQvnTjgQA==",
      "license": "Apache-2.0",
      "dependencies": {
        "adler-32": "~1.3.0",
        "crc-32": "~1.2.0"
      },
      "engines": {
        "node": ">=0.8"
      }
    },
    "node_modules/codepage": {
      "version": "1.15.0",
      "resolved": "http://repo.ibsplc.com:8182/codepage/-/codepage-1.15.0.tgz",
      "integrity": "sha512-3g6NUTPd/YtuuGrhMnOMRjFc+LJw/bnMp3+0r/Wcz3IXUuCosKRJvMphm5+Q+bvTVGcJJuRvVLuYba+WojaFaA==",
      "license": "Apache-2.0",
      "engines": {
        "node": ">=0.8"
      }
    },
    "node_modules/crc-32": {
      "version": "1.2.2",
      "resolved": "http://repo.ibsplc.com:8182/crc-32/-/crc-32-1.2.2.tgz",
      "integrity": "sha512-ROmzCKrTnOwybPcJApAA6WBWij23HVfGVNKqqrZpuyZOHqK2CwHSvpGuyt/UNNvaIjEd8X5IFGp4Mh+Ie1IHJQ==",
      "license": "Apache-2.0",
      "bin": {
        "crc32": "bin/crc32.njs"
      },
      "engines": {
        "node": ">=0.8"
      }
    },
    "node_modules/debug": {
      "version": "4.3.4",
      "resolved": "http://repo.ibsplc.com:8182/debug/-/debug-4.3.4.tgz",
      "integrity": "sha512-PRWFHuSU3eDtQJPvnNY7Jcket1j0t5OuOsFzPPzsekD52Zl8qUfFIPEiswXqIvHWGVHOgX+7G/vCNNhehwxfkQ==",
      "license": "MIT",
      "dependencies": {
        "ms": "2.1.2"
      },
      "engines": {
        "node": ">=6.0"
      },
      "peerDependenciesMeta": {
        "supports-color": {
          "optional": true
        }
      }
    },
    "node_modules/debug/node_modules/ms": {
      "version": "2.1.2",
      "resolved": "http://repo.ibsplc.com:8182/ms/-/ms-2.1.2.tgz",
      "integrity": "sha512-sGkPx+VjMtmA6MX27oA4FBFELFCZZ4S4XqeGOXCv68tT+jb3vk/RyaKWP0PTKyWtmLSM0b+adUTEvbs1PEaH2w==",
      "license": "MIT"
    },
    "node_modules/dotenv": {
      "version": "16.3.1",
      "resolved": "http://repo.ibsplc.com:8182/dotenv/-/dotenv-16.3.1.tgz",
      "integrity": "sha512-IPzF4w4/Rd94bA9imS68tZBaYyBWSCE47V1RGuMrB94iyTOIEwRmVL2x/4An+6mETpLrKJ5hQkB8W4kFAadeIQ==",
      "license": "BSD-2-Clause",
      "engines": {
        "node": ">=12"
      },
      "funding": {
        "url": "https://github.com/motdotla/dotenv?sponsor=1"
      }
    },
    "node_modules/dotenv-expand": {
      "version": "10.0.0",
      "resolved": "http://repo.ibsplc.com:8182/dotenv-expand/-/dotenv-expand-10.0.0.tgz",
      "integrity": "sha512-GopVGCpVS1UKH75VKHGuQFqS1Gusej0z4FyQkPdwjil2gNIv+LNsqBlboOzpJFZKVT95GkCyWJbBSdFEFUWI2A==",
      "license": "BSD-2-Clause",
      "engines": {
        "node": ">=12"
      }
    },
    "node_modules/frac": {
      "version": "1.1.2",
      "resolved": "http://repo.ibsplc.com:8182/frac/-/frac-1.1.2.tgz",
      "integrity": "sha512-w/XBfkibaTl3YDqASwfDUqkna4Z2p9cFSr1aHDt0WoMTECnRfBOv2WArlZILlqgWlmdIlALXGpM2AOhEk5W3IA==",
      "license": "Apache-2.0",
      "engines": {
        "node": ">=0.8"
      }
    },
    "node_modules/ip": {
      "version": "2.0.0",
      "resolved": "http://repo.ibsplc.com:8182/ip/-/ip-2.0.0.tgz",
      "integrity": "sha512-WKa+XuLG1A1R0UWhl2+1XQSi+fZWMsYKffMZTTYsiZaUD8k2yDAj5atimTUD2TZkyCkNEeYE5NhFZmupOGtjYQ==",
      "license": "MIT"
    },
    "node_modules/kareem": {
      "version": "2.5.1",
      "resolved": "http://repo.ibsplc.com:8182/kareem/-/kareem-2.5.1.tgz",
      "integrity": "sha512-7jFxRVm+jD+rkq3kY0iZDJfsO2/t4BBPeEb2qKn2lR/9KhuksYk5hxzfRYWMPV8P/x2d0kHD306YyWLzjjH+uA==",
      "license": "Apache-2.0",
      "engines": {
        "node": ">=12.0.0"
      }
    },
    "node_modules/lodash.assign": {
      "version": "4.2.0",
      "resolved": "http://repo.ibsplc.com:8182/lodash.assign/-/lodash.assign-4.2.0.tgz",
      "integrity": "sha1-DZnzzNem0mHRm9rrkkUAXShYCOc=",
      "license": "MIT"
    },
    "node_modules/lodash.clone": {
      "version": "4.5.0",
      "resolved": "http://repo.ibsplc.com:8182/lodash.clone/-/lodash.clone-4.5.0.tgz",
      "integrity": "sha1-GVhwRQ9aExkkeN9Lw9I9LeoZB7Y=",
      "license": "MIT"
    },
    "node_modules/memory-pager": {
      "version": "1.5.0",
      "resolved": "http://repo.ibsplc.com:8182/memory-pager/-/memory-pager-1.5.0.tgz",
      "integrity": "sha512-ZS4Bp4r/Zoeq6+NLJpP+0Zzm0pR8whtGPf1XExKLJBAczGMnSi3It14OiNCStjQjM6NU1okjQGSxgEZN8eBYKg==",
      "license": "MIT",
      "optional": true
    },
    "node_modules/moment": {
      "version": "2.30.0",
      "resolved": "http://repo.ibsplc.com:8182/moment/-/moment-2.30.0.tgz",
      "integrity": "sha512-8XSlYFhOSJvnEJOas6RpDCNU2PYeVC+oE33d3Z9tIsXpD8LIgBeqrHPjP8es4b3fcJpf07D1PJWGDUfdbqDLnQ==",
      "license": "MIT",
      "engines": {
        "node": "*"
      }
    },
    "node_modules/mongodb": {
      "version": "5.9.2",
      "resolved": "http://repo.ibsplc.com:8182/mongodb/-/mongodb-5.9.2.tgz",
      "integrity": "sha512-H60HecKO4Bc+7dhOv4sJlgvenK4fQNqqUIlXxZYQNbfEWSALGAwGoyJd/0Qwk4TttFXUOHJ2ZJQe/52ScaUwtQ==",
      "license": "Apache-2.0",
      "dependencies": {
        "bson": "^5.5.0",
        "mongodb-connection-string-url": "^2.6.0",
        "socks": "^2.7.1"
      },
      "engines": {
        "node": ">=14.20.1"
      },
      "optionalDependencies": {
        "@mongodb-js/saslprep": "^1.1.0"
      },
      "peerDependencies": {
        "@aws-sdk/credential-providers": "^3.188.0",
        "@mongodb-js/zstd": "^1.0.0",
        "kerberos": "^1.0.0 || ^2.0.0",
        "mongodb-client-encryption": ">=2.3.0 <3",
        "snappy": "^7.2.2"
      },
      "peerDependenciesMeta": {
        "@aws-sdk/credential-providers": {
          "optional": true
        },
        "@mongodb-js/zstd": {
          "optional": true
        },
        "kerberos": {
          "optional": true
        },
        "mongodb-client-encryption": {
          "optional": true
        },
        "snappy": {
          "optional": true
        }
      }
    },
    "node_modules/mongodb-connection-string-url": {
      "version": "2.6.0",
      "resolved": "http://repo.ibsplc.com:8182/mongodb-connection-string-url/-/mongodb-connection-string-url-2.6.0.tgz",
      "integrity": "sha512-WvTZlI9ab0QYtTYnuMLgobULWhokRjtC7db9LtcVfJ+Hsnyr5eo6ZtNAt3Ly24XZScGMelOcGtm7lSn0332tPQ==",
      "license": "Apache-2.0",
      "dependencies": {
        "@types/whatwg-url": "^8.2.1",
        "whatwg-url": "^11.0.0"
      }
    },
    "node_modules/mongoose": {
      "version": "7.6.7",
      "resolved": "http://repo.ibsplc.com:8182/mongoose/-/mongoose-7.6.7.tgz",
      "integrity": "sha512-6Ihl7Y7OlSEMiwyjar3N8sMKRZa3LNGcayES8I+Hluo0sV6j1SVOo8MXXnwi+z3+Hcyk4zO47+xL87fBTNlWVw==",
      "license": "MIT",
      "dependencies": {
        "bson": "^5.5.0",
        "kareem": "2.5.1",
        "mongodb": "5.9.1",
        "mpath": "0.9.0",
        "mquery": "5.0.0",
        "ms": "2.1.3",
        "sift": "16.0.1"
      },
      "engines": {
        "node": ">=14.20.1"
      },
      "funding": {
        "type": "opencollective",
        "url": "https://opencollective.com/mongoose"
      }
    },
    "node_modules/mongoose-connect-db": {
      "version": "1.4.4",
      "resolved": "http://repo.ibsplc.com:8182/mongoose-connect-db/-/mongoose-connect-db-1.4.4.tgz",
      "integrity": "sha512-gLxGKnJwHbFkoymKGXr1slaSF9ibII91Wp/alEqzWQbwnqABgb8QGTn4VineJnM5tvEoYdNfy6/fhCU745VgkA==",
      "license": "MIT"
    },
    "node_modules/mongoose/node_modules/mongodb": {
      "version": "5.9.1",
      "resolved": "http://repo.ibsplc.com:8182/mongodb/-/mongodb-5.9.1.tgz",
      "integrity": "sha512-NBGA8AfJxGPeB12F73xXwozt8ZpeIPmCUeWRwl9xejozTXFes/3zaep9zhzs1B/nKKsw4P3I4iPfXl3K7s6g+Q==",
      "license": "Apache-2.0",
      "dependencies": {
        "bson": "^5.5.0",
        "mongodb-connection-string-url": "^2.6.0",
        "socks": "^2.7.1"
      },
      "engines": {
        "node": ">=14.20.1"
      },
      "optionalDependencies": {
        "@mongodb-js/saslprep": "^1.1.0"
      },
      "peerDependencies": {
        "@aws-sdk/credential-providers": "^3.188.0",
        "@mongodb-js/zstd": "^1.0.0",
        "kerberos": "^1.0.0 || ^2.0.0",
        "mongodb-client-encryption": ">=2.3.0 <3",
        "snappy": "^7.2.2"
      },
      "peerDependenciesMeta": {
        "@aws-sdk/credential-providers": {
          "optional": true
        },
        "@mongodb-js/zstd": {
          "optional": true
        },
        "kerberos": {
          "optional": true
        },
        "mongodb-client-encryption": {
          "optional": true
        },
        "snappy": {
          "optional": true
        }
      }
    },
    "node_modules/mpath": {
      "version": "0.9.0",
      "resolved": "http://repo.ibsplc.com:8182/mpath/-/mpath-0.9.0.tgz",
      "integrity": "sha512-ikJRQTk8hw5DEoFVxHG1Gn9T/xcjtdnOKIU1JTmGjZZlg9LST2mBLmcX3/ICIbgJydT2GOc15RnNy5mHmzfSew==",
      "license": "MIT",
      "engines": {
        "node": ">=4.0.0"
      }
    },
    "node_modules/mquery": {
      "version": "5.0.0",
      "resolved": "http://repo.ibsplc.com:8182/mquery/-/mquery-5.0.0.tgz",
      "integrity": "sha512-iQMncpmEK8R8ncT8HJGsGc9Dsp8xcgYMVSbs5jgnm1lFHTZqMJTUWTDx1LBO8+mK3tPNZWFLBghQEIOULSTHZg==",
      "license": "MIT",
      "dependencies": {
        "debug": "4.x"
      },
      "engines": {
        "node": ">=14.0.0"
      }
    },
    "node_modules/ms": {
      "version": "2.1.3",
      "resolved": "http://repo.ibsplc.com:8182/ms/-/ms-2.1.3.tgz",
      "integrity": "sha512-6FlzubTLZG3J2a/NVCAleEhjzq5oxgHyaCU9yYXvcLsvoVaHJq/s5xXI6/XXP6tz7R9xAOtHnSO/tXtF3WRTlA==",
      "license": "MIT"
    },
    "node_modules/punycode": {
      "version": "2.3.1",
      "resolved": "http://repo.ibsplc.com:8182/punycode/-/punycode-2.3.1.tgz",
      "integrity": "sha512-vYt7UD1U9Wg6138shLtLOvdAu+8DsC/ilFtEVHcH+wydcSpNE20AfSOduf6MkRFahL5FY7X1oU7nKVZFtfq8Fg==",
      "license": "MIT",
      "engines": {
        "node": ">=6"
      }
    },
    "node_modules/sift": {
      "version": "16.0.1",
      "resolved": "http://repo.ibsplc.com:8182/sift/-/sift-16.0.1.tgz",
      "integrity": "sha512-Wv6BjQ5zbhW7VFefWusVP33T/EM0vYikCaQ2qR8yULbsilAT8/wQaXvuQ3ptGLpoKx+lihJE3y2UTgKDyyNHZQ==",
      "license": "MIT"
    },
    "node_modules/smart-buffer": {
      "version": "4.2.0",
      "resolved": "http://repo.ibsplc.com:8182/smart-buffer/-/smart-buffer-4.2.0.tgz",
      "integrity": "sha512-94hK0Hh8rPqQl2xXc3HsaBoOXKV20MToPkcXvwbISWLEs+64sBq5kFgn2kJDHb1Pry9yrP0dxrCI9RRci7RXKg==",
      "license": "MIT",
      "engines": {
        "node": ">= 6.0.0",
        "npm": ">= 3.0.0"
      }
    },
    "node_modules/socks": {
      "version": "2.7.1",
      "resolved": "http://repo.ibsplc.com:8182/socks/-/socks-2.7.1.tgz",
      "integrity": "sha512-7maUZy1N7uo6+WVEX6psASxtNlKaNVMlGQKkG/63nEDdLOWNbiUMoLK7X4uYoLhQstau72mLgfEWcXcwsaHbYQ==",
      "license": "MIT",
      "dependencies": {
        "ip": "^2.0.0",
        "smart-buffer": "^4.2.0"
      },
      "engines": {
        "node": ">= 10.13.0",
        "npm": ">= 3.0.0"
      }
    },
    "node_modules/sparse-bitfield": {
      "version": "3.0.3",
      "resolved": "http://repo.ibsplc.com:8182/sparse-bitfield/-/sparse-bitfield-3.0.3.tgz",
      "integrity": "sha1-/0rm5oZWBWuks+eSqzM004JzyhE=",
      "license": "MIT",
      "optional": true,
      "dependencies": {
        "memory-pager": "^1.0.2"
      }
    },
    "node_modules/ssf": {
      "version": "0.11.2",
      "resolved": "http://repo.ibsplc.com:8182/ssf/-/ssf-0.11.2.tgz",
      "integrity": "sha512-+idbmIXoYET47hH+d7dfm2epdOMUDjqcB4648sTZ+t2JwoyBFL/insLfB/racrDmsKB3diwsDA696pZMieAC5g==",
      "license": "Apache-2.0",
      "dependencies": {
        "frac": "~1.1.2"
      },
      "engines": {
        "node": ">=0.8"
      }
    },
    "node_modules/tr46": {
      "version": "3.0.0",
      "resolved": "http://repo.ibsplc.com:8182/tr46/-/tr46-3.0.0.tgz",
      "integrity": "sha512-l7FvfAHlcmulp8kr+flpQZmVwtu7nfRV7NZujtN0OqES8EL4O4e0qqzL0DC5gAvx/ZC/9lk6rhcUwYvkBnBnYA==",
      "license": "MIT",
      "dependencies": {
        "punycode": "^2.1.1"
      },
      "engines": {
        "node": ">=12"
      }
    },
    "node_modules/undici-types": {
      "version": "5.26.5",
      "resolved": "http://repo.ibsplc.com:8182/undici-types/-/undici-types-5.26.5.tgz",
      "integrity": "sha512-JlCMO+ehdEIKqlFxk6IfVoAUVmgz7cU7zD/h9XZ0qzeosSHmUJVOzSQvvYSYWXkFXC+IfLKSIffhv0sVZup6pA==",
      "license": "MIT"
    },
    "node_modules/webidl-conversions": {
      "version": "7.0.0",
      "resolved": "http://repo.ibsplc.com:8182/webidl-conversions/-/webidl-conversions-7.0.0.tgz",
      "integrity": "sha512-VwddBukDzu71offAQR975unBIGqfKZpM+8ZX6ySk8nYhVoo5CYaZyzt3YBvYtRtO+aoGlqxPg/B87NGVZ/fu6g==",
      "license": "BSD-2-Clause",
      "engines": {
        "node": ">=12"
      }
    },
    "node_modules/whatwg-url": {
      "version": "11.0.0",
      "resolved": "http://repo.ibsplc.com:8182/whatwg-url/-/whatwg-url-11.0.0.tgz",
      "integrity": "sha512-RKT8HExMpoYx4igMiVMY83lN6UeITKJlBQ+vR/8ZJ8OCdSiN3RwCq+9gH0+Xzj0+5IrM6i4j/6LuvzbZIQgEcQ==",
      "license": "MIT",
      "dependencies": {
        "tr46": "^3.0.0",
        "webidl-conversions": "^7.0.0"
      },
      "engines": {
        "node": ">=12"
      }
    },
    "node_modules/wmf": {
      "version": "1.0.2",
      "resolved": "http://repo.ibsplc.com:8182/wmf/-/wmf-1.0.2.tgz",
      "integrity": "sha512-/p9K7bEh0Dj6WbXg4JG0xvLQmIadrner1bi45VMJTfnbVHsc7yIajZyoSoK60/dtVBs12Fm6WkUI5/3WAVsNMw==",
      "license": "Apache-2.0",
      "engines": {
        "node": ">=0.8"
      }
    },
    "node_modules/word": {
      "version": "0.3.0",
      "resolved": "http://repo.ibsplc.com:8182/word/-/word-0.3.0.tgz",
      "integrity": "sha512-OELeY0Q61OXpdUfTp+oweA/vtLVg5VDOXh+3he3PNzLGG/y0oylSOC1xRVj0+l4vQ3tj/bB1HVHv1ocXkQceFA==",
      "license": "Apache-2.0",
      "engines": {
        "node": ">=0.8"
      }
    },
    "node_modules/xlsx": {
      "version": "0.18.5",
      "resolved": "http://repo.ibsplc.com:8182/xlsx/-/xlsx-0.18.5.tgz",
      "integrity": "sha512-dmg3LCjBPHZnQp5/F/+nnTa+miPJxUXB6vtk42YjBBKayDNagxGEeIdWApkYPOf3Z3pm3k62Knjzp7lMeTEtFQ==",
      "license": "Apache-2.0",
      "dependencies": {
        "adler-32": "~1.3.0",
        "cfb": "~1.2.1",
        "codepage": "~1.15.0",
        "crc-32": "~1.2.1",
        "ssf": "~0.11.2",
        "wmf": "~1.0.1",
        "word": "~0.3.0"
      },
      "bin": {
        "xlsx": "bin/xlsx.njs"
      },
      "engines": {
        "node": ">=0.8"
      }
    }
  },
  "dependencies": {
    "@mongodb-js/saslprep": {
      "version": "1.1.1",
      "resolved": "http://repo.ibsplc.com:8182/@mongodb-js%2fsaslprep/-/saslprep-1.1.1.tgz",
      "integrity": "sha512-t7c5K033joZZMspnHg/gWPE4kandgc2OxE74aYOtGKfgB9VPuVJPix0H6fhmm2erj5PBJ21mqcx34lpIGtUCsQ==",
      "optional": true,
      "requires": {
        "sparse-bitfield": "^3.0.3"
      }
    },
    "@types/node": {
      "version": "20.10.5",
      "resolved": "http://repo.ibsplc.com:8182/@types%2fnode/-/node-20.10.5.tgz",
      "integrity": "sha512-nNPsNE65wjMxEKI93yOP+NPGGBJz/PoN3kZsVLee0XMiJolxSekEVD8wRwBUBqkwc7UWop0edW50yrCQW4CyRw==",
      "requires": {
        "undici-types": "~5.26.4"
      }
    },
    "@types/webidl-conversions": {
      "version": "7.0.3",
      "resolved": "http://repo.ibsplc.com:8182/@types%2fwebidl-conversions/-/webidl-conversions-7.0.3.tgz",
      "integrity": "sha512-CiJJvcRtIgzadHCYXw7dqEnMNRjhGZlYK05Mj9OyktqV8uVT8fD2BFOB7S1uwBE3Kj2Z+4UyPmFw/Ixgw/LAlA=="
    },
    "@types/whatwg-url": {
      "version": "8.2.2",
      "resolved": "http://repo.ibsplc.com:8182/@types%2fwhatwg-url/-/whatwg-url-8.2.2.tgz",
      "integrity": "sha512-FtQu10RWgn3D9U4aazdwIE2yzphmTJREDqNdODHrbrZmmMqI0vMheC/6NE/J1Yveaj8H+ela+YwWTjq5PGmuhA==",
      "requires": {
        "@types/node": "*",
        "@types/webidl-conversions": "*"
      }
    },
    "adler-32": {
      "version": "1.3.1",
      "resolved": "http://repo.ibsplc.com:8182/adler-32/-/adler-32-1.3.1.tgz",
      "integrity": "sha512-ynZ4w/nUUv5rrsR8UUGoe1VC9hZj6V5hU9Qw1HlMDJGEJw5S7TfTErWTjMys6M7vr0YWcPqs3qAr4ss0nDfP+A=="
    },
    "bson": {
      "version": "5.5.1",
      "resolved": "http://repo.ibsplc.com:8182/bson/-/bson-5.5.1.tgz",
      "integrity": "sha512-ix0EwukN2EpC0SRWIj/7B5+A6uQMQy6KMREI9qQqvgpkV2frH63T0UDVd1SYedL6dNCmDBYB3QtXi4ISk9YT+g=="
    },
    "cfb": {
      "version": "1.2.2",
      "resolved": "http://repo.ibsplc.com:8182/cfb/-/cfb-1.2.2.tgz",
      "integrity": "sha512-KfdUZsSOw19/ObEWasvBP/Ac4reZvAGauZhs6S/gqNhXhI7cKwvlH7ulj+dOEYnca4bm4SGo8C1bTAQvnTjgQA==",
      "requires": {
        "adler-32": "~1.3.0",
        "crc-32": "~1.2.0"
      }
    },
    "codepage": {
      "version": "1.15.0",
      "resolved": "http://repo.ibsplc.com:8182/codepage/-/codepage-1.15.0.tgz",
      "integrity": "sha512-3g6NUTPd/YtuuGrhMnOMRjFc+LJw/bnMp3+0r/Wcz3IXUuCosKRJvMphm5+Q+bvTVGcJJuRvVLuYba+WojaFaA=="
    },
    "crc-32": {
      "version": "1.2.2",
      "resolved": "http://repo.ibsplc.com:8182/crc-32/-/crc-32-1.2.2.tgz",
      "integrity": "sha512-ROmzCKrTnOwybPcJApAA6WBWij23HVfGVNKqqrZpuyZOHqK2CwHSvpGuyt/UNNvaIjEd8X5IFGp4Mh+Ie1IHJQ=="
    },
    "debug": {
      "version": "4.3.4",
      "resolved": "http://repo.ibsplc.com:8182/debug/-/debug-4.3.4.tgz",
      "integrity": "sha512-PRWFHuSU3eDtQJPvnNY7Jcket1j0t5OuOsFzPPzsekD52Zl8qUfFIPEiswXqIvHWGVHOgX+7G/vCNNhehwxfkQ==",
      "requires": {
        "ms": "2.1.2"
      },
      "dependencies": {
        "ms": {
          "version": "2.1.2",
          "resolved": "http://repo.ibsplc.com:8182/ms/-/ms-2.1.2.tgz",
          "integrity": "sha512-sGkPx+VjMtmA6MX27oA4FBFELFCZZ4S4XqeGOXCv68tT+jb3vk/RyaKWP0PTKyWtmLSM0b+adUTEvbs1PEaH2w=="
        }
      }
    },
    "dotenv": {
      "version": "16.3.1",
      "resolved": "http://repo.ibsplc.com:8182/dotenv/-/dotenv-16.3.1.tgz",
      "integrity": "sha512-IPzF4w4/Rd94bA9imS68tZBaYyBWSCE47V1RGuMrB94iyTOIEwRmVL2x/4An+6mETpLrKJ5hQkB8W4kFAadeIQ=="
    },
    "dotenv-expand": {
      "version": "10.0.0",
      "resolved": "http://repo.ibsplc.com:8182/dotenv-expand/-/dotenv-expand-10.0.0.tgz",
      "integrity": "sha512-GopVGCpVS1UKH75VKHGuQFqS1Gusej0z4FyQkPdwjil2gNIv+LNsqBlboOzpJFZKVT95GkCyWJbBSdFEFUWI2A=="
    },
    "frac": {
      "version": "1.1.2",
      "resolved": "http://repo.ibsplc.com:8182/frac/-/frac-1.1.2.tgz",
      "integrity": "sha512-w/XBfkibaTl3YDqASwfDUqkna4Z2p9cFSr1aHDt0WoMTECnRfBOv2WArlZILlqgWlmdIlALXGpM2AOhEk5W3IA=="
    },
    "ip": {
      "version": "2.0.0",
      "resolved": "http://repo.ibsplc.com:8182/ip/-/ip-2.0.0.tgz",
      "integrity": "sha512-WKa+XuLG1A1R0UWhl2+1XQSi+fZWMsYKffMZTTYsiZaUD8k2yDAj5atimTUD2TZkyCkNEeYE5NhFZmupOGtjYQ=="
    },
    "kareem": {
      "version": "2.5.1",
      "resolved": "http://repo.ibsplc.com:8182/kareem/-/kareem-2.5.1.tgz",
      "integrity": "sha512-7jFxRVm+jD+rkq3kY0iZDJfsO2/t4BBPeEb2qKn2lR/9KhuksYk5hxzfRYWMPV8P/x2d0kHD306YyWLzjjH+uA=="
    },
    "lodash.assign": {
      "version": "4.2.0",
      "resolved": "http://repo.ibsplc.com:8182/lodash.assign/-/lodash.assign-4.2.0.tgz",
      "integrity": "sha1-DZnzzNem0mHRm9rrkkUAXShYCOc="
    },
    "lodash.clone": {
      "version": "4.5.0",
      "resolved": "http://repo.ibsplc.com:8182/lodash.clone/-/lodash.clone-4.5.0.tgz",
      "integrity": "sha1-GVhwRQ9aExkkeN9Lw9I9LeoZB7Y="
    },
    "memory-pager": {
      "version": "1.5.0",
      "resolved": "http://repo.ibsplc.com:8182/memory-pager/-/memory-pager-1.5.0.tgz",
      "integrity": "sha512-ZS4Bp4r/Zoeq6+NLJpP+0Zzm0pR8whtGPf1XExKLJBAczGMnSi3It14OiNCStjQjM6NU1okjQGSxgEZN8eBYKg==",
      "optional": true
    },
    "moment": {
      "version": "2.30.0",
      "resolved": "http://repo.ibsplc.com:8182/moment/-/moment-2.30.0.tgz",
      "integrity": "sha512-8XSlYFhOSJvnEJOas6RpDCNU2PYeVC+oE33d3Z9tIsXpD8LIgBeqrHPjP8es4b3fcJpf07D1PJWGDUfdbqDLnQ=="
    },
    "mongodb": {
      "version": "5.9.2",
      "resolved": "http://repo.ibsplc.com:8182/mongodb/-/mongodb-5.9.2.tgz",
      "integrity": "sha512-H60HecKO4Bc+7dhOv4sJlgvenK4fQNqqUIlXxZYQNbfEWSALGAwGoyJd/0Qwk4TttFXUOHJ2ZJQe/52ScaUwtQ==",
      "requires": {
        "@mongodb-js/saslprep": "^1.1.0",
        "bson": "^5.5.0",
        "mongodb-connection-string-url": "^2.6.0",
        "socks": "^2.7.1"
      }
    },
    "mongodb-connection-string-url": {
      "version": "2.6.0",
      "resolved": "http://repo.ibsplc.com:8182/mongodb-connection-string-url/-/mongodb-connection-string-url-2.6.0.tgz",
      "integrity": "sha512-WvTZlI9ab0QYtTYnuMLgobULWhokRjtC7db9LtcVfJ+Hsnyr5eo6ZtNAt3Ly24XZScGMelOcGtm7lSn0332tPQ==",
      "requires": {
        "@types/whatwg-url": "^8.2.1",
        "whatwg-url": "^11.0.0"
      }
    },
    "mongoose": {
      "version": "7.6.7",
      "resolved": "http://repo.ibsplc.com:8182/mongoose/-/mongoose-7.6.7.tgz",
      "integrity": "sha512-6Ihl7Y7OlSEMiwyjar3N8sMKRZa3LNGcayES8I+Hluo0sV6j1SVOo8MXXnwi+z3+Hcyk4zO47+xL87fBTNlWVw==",
      "requires": {
        "bson": "^5.5.0",
        "kareem": "2.5.1",
        "mongodb": "5.9.1",
        "mpath": "0.9.0",
        "mquery": "5.0.0",
        "ms": "2.1.3",
        "sift": "16.0.1"
      },
      "dependencies": {
        "mongodb": {
          "version": "5.9.1",
          "resolved": "http://repo.ibsplc.com:8182/mongodb/-/mongodb-5.9.1.tgz",
          "integrity": "sha512-NBGA8AfJxGPeB12F73xXwozt8ZpeIPmCUeWRwl9xejozTXFes/3zaep9zhzs1B/nKKsw4P3I4iPfXl3K7s6g+Q==",
          "requires": {
            "@mongodb-js/saslprep": "^1.1.0",
            "bson": "^5.5.0",
            "mongodb-connection-string-url": "^2.6.0",
            "socks": "^2.7.1"
          }
        }
      }
    },
    "mongoose-connect-db": {
      "version": "1.4.4",
      "resolved": "http://repo.ibsplc.com:8182/mongoose-connect-db/-/mongoose-connect-db-1.4.4.tgz",
      "integrity": "sha512-gLxGKnJwHbFkoymKGXr1slaSF9ibII91Wp/alEqzWQbwnqABgb8QGTn4VineJnM5tvEoYdNfy6/fhCU745VgkA=="
    },
    "mpath": {
      "version": "0.9.0",
      "resolved": "http://repo.ibsplc.com:8182/mpath/-/mpath-0.9.0.tgz",
      "integrity": "sha512-ikJRQTk8hw5DEoFVxHG1Gn9T/xcjtdnOKIU1JTmGjZZlg9LST2mBLmcX3/ICIbgJydT2GOc15RnNy5mHmzfSew=="
    },
    "mquery": {
      "version": "5.0.0",
      "resolved": "http://repo.ibsplc.com:8182/mquery/-/mquery-5.0.0.tgz",
      "integrity": "sha512-iQMncpmEK8R8ncT8HJGsGc9Dsp8xcgYMVSbs5jgnm1lFHTZqMJTUWTDx1LBO8+mK3tPNZWFLBghQEIOULSTHZg==",
      "requires": {
        "debug": "4.x"
      }
    },
    "ms": {
      "version": "2.1.3",
      "resolved": "http://repo.ibsplc.com:8182/ms/-/ms-2.1.3.tgz",
      "integrity": "sha512-6FlzubTLZG3J2a/NVCAleEhjzq5oxgHyaCU9yYXvcLsvoVaHJq/s5xXI6/XXP6tz7R9xAOtHnSO/tXtF3WRTlA=="
    },
    "punycode": {
      "version": "2.3.1",
      "resolved": "http://repo.ibsplc.com:8182/punycode/-/punycode-2.3.1.tgz",
      "integrity": "sha512-vYt7UD1U9Wg6138shLtLOvdAu+8DsC/ilFtEVHcH+wydcSpNE20AfSOduf6MkRFahL5FY7X1oU7nKVZFtfq8Fg=="
    },
    "sift": {
      "version": "16.0.1",
      "resolved": "http://repo.ibsplc.com:8182/sift/-/sift-16.0.1.tgz",
      "integrity": "sha512-Wv6BjQ5zbhW7VFefWusVP33T/EM0vYikCaQ2qR8yULbsilAT8/wQaXvuQ3ptGLpoKx+lihJE3y2UTgKDyyNHZQ=="
    },
    "smart-buffer": {
      "version": "4.2.0",
      "resolved": "http://repo.ibsplc.com:8182/smart-buffer/-/smart-buffer-4.2.0.tgz",
      "integrity": "sha512-94hK0Hh8rPqQl2xXc3HsaBoOXKV20MToPkcXvwbISWLEs+64sBq5kFgn2kJDHb1Pry9yrP0dxrCI9RRci7RXKg=="
    },
    "socks": {
      "version": "2.7.1",
      "resolved": "http://repo.ibsplc.com:8182/socks/-/socks-2.7.1.tgz",
      "integrity": "sha512-7maUZy1N7uo6+WVEX6psASxtNlKaNVMlGQKkG/63nEDdLOWNbiUMoLK7X4uYoLhQstau72mLgfEWcXcwsaHbYQ==",
      "requires": {
        "ip": "^2.0.0",
        "smart-buffer": "^4.2.0"
      }
    },
    "sparse-bitfield": {
      "version": "3.0.3",
      "resolved": "http://repo.ibsplc.com:8182/sparse-bitfield/-/sparse-bitfield-3.0.3.tgz",
      "integrity": "sha1-/0rm5oZWBWuks+eSqzM004JzyhE=",
      "optional": true,
      "requires": {
        "memory-pager": "^1.0.2"
      }
    },
    "ssf": {
      "version": "0.11.2",
      "resolved": "http://repo.ibsplc.com:8182/ssf/-/ssf-0.11.2.tgz",
      "integrity": "sha512-+idbmIXoYET47hH+d7dfm2epdOMUDjqcB4648sTZ+t2JwoyBFL/insLfB/racrDmsKB3diwsDA696pZMieAC5g==",
      "requires": {
        "frac": "~1.1.2"
      }
    },
    "tr46": {
      "version": "3.0.0",
      "resolved": "http://repo.ibsplc.com:8182/tr46/-/tr46-3.0.0.tgz",
      "integrity": "sha512-l7FvfAHlcmulp8kr+flpQZmVwtu7nfRV7NZujtN0OqES8EL4O4e0qqzL0DC5gAvx/ZC/9lk6rhcUwYvkBnBnYA==",
      "requires": {
        "punycode": "^2.1.1"
      }
    },
    "undici-types": {
      "version": "5.26.5",
      "resolved": "http://repo.ibsplc.com:8182/undici-types/-/undici-types-5.26.5.tgz",
      "integrity": "sha512-JlCMO+ehdEIKqlFxk6IfVoAUVmgz7cU7zD/h9XZ0qzeosSHmUJVOzSQvvYSYWXkFXC+IfLKSIffhv0sVZup6pA=="
    },
    "webidl-conversions": {
      "version": "7.0.0",
      "resolved": "http://repo.ibsplc.com:8182/webidl-conversions/-/webidl-conversions-7.0.0.tgz",
      "integrity": "sha512-VwddBukDzu71offAQR975unBIGqfKZpM+8ZX6ySk8nYhVoo5CYaZyzt3YBvYtRtO+aoGlqxPg/B87NGVZ/fu6g=="
    },
    "whatwg-url": {
      "version": "11.0.0",
      "resolved": "http://repo.ibsplc.com:8182/whatwg-url/-/whatwg-url-11.0.0.tgz",
      "integrity": "sha512-RKT8HExMpoYx4igMiVMY83lN6UeITKJlBQ+vR/8ZJ8OCdSiN3RwCq+9gH0+Xzj0+5IrM6i4j/6LuvzbZIQgEcQ==",
      "requires": {
        "tr46": "^3.0.0",
        "webidl-conversions": "^7.0.0"
      }
    },
    "wmf": {
      "version": "1.0.2",
      "resolved": "http://repo.ibsplc.com:8182/wmf/-/wmf-1.0.2.tgz",
      "integrity": "sha512-/p9K7bEh0Dj6WbXg4JG0xvLQmIadrner1bi45VMJTfnbVHsc7yIajZyoSoK60/dtVBs12Fm6WkUI5/3WAVsNMw=="
    },
    "word": {
      "version": "0.3.0",
      "resolved": "http://repo.ibsplc.com:8182/word/-/word-0.3.0.tgz",
      "integrity": "sha512-OELeY0Q61OXpdUfTp+oweA/vtLVg5VDOXh+3he3PNzLGG/y0oylSOC1xRVj0+l4vQ3tj/bB1HVHv1ocXkQceFA=="
    },
    "xlsx": {
      "version": "0.18.5",
      "resolved": "http://repo.ibsplc.com:8182/xlsx/-/xlsx-0.18.5.tgz",
      "integrity": "sha512-dmg3LCjBPHZnQp5/F/+nnTa+miPJxUXB6vtk42YjBBKayDNagxGEeIdWApkYPOf3Z3pm3k62Knjzp7lMeTEtFQ==",
      "requires": {
        "adler-32": "~1.3.0",
        "cfb": "~1.2.1",
        "codepage": "~1.15.0",
        "crc-32": "~1.2.1",
        "ssf": "~0.11.2",
        "wmf": "~1.0.1",
        "word": "~0.3.0"
      }
    }
  }
}
